PODS:
  - Capacitor (6.2.0):
    - CapacitorCordova
  - CapacitorCommunityAdmob (6.1.0):
    - Capacitor
    - Google-Mobile-Ads-SDK (= 11.3.0)
  - CapacitorCordova (6.2.0)
  - CapacitorFilesystem (6.0.2):
    - Capacitor
  - CapacitorShare (6.0.3):
    - Capacitor
  - CapacitorStatusBar (6.0.2):
    - Capacitor
  - Google-Mobile-Ads-SDK (11.3.0):
    - GoogleUserMessagingPlatform (>= 1.1)
  - GoogleUserMessagingPlatform (2.6.0)

DEPENDENCIES:
  - "Capacitor (from `../../node_modules/@capacitor/ios`)"
  - "CapacitorCommunityAdmob (from `../../node_modules/@capacitor-community/admob`)"
  - "CapacitorCordova (from `../../node_modules/@capacitor/ios`)"
  - "CapacitorFilesystem (from `../../node_modules/@capacitor/filesystem`)"
  - "CapacitorShare (from `../../node_modules/@capacitor/share`)"
  - "CapacitorStatusBar (from `../../node_modules/@capacitor/status-bar`)"

SPEC REPOS:
  trunk:
    - Google-Mobile-Ads-SDK
    - GoogleUserMessagingPlatform

EXTERNAL SOURCES:
  Capacitor:
    :path: "../../node_modules/@capacitor/ios"
  CapacitorCommunityAdmob:
    :path: "../../node_modules/@capacitor-community/admob"
  CapacitorCordova:
    :path: "../../node_modules/@capacitor/ios"
  CapacitorFilesystem:
    :path: "../../node_modules/@capacitor/filesystem"
  CapacitorShare:
    :path: "../../node_modules/@capacitor/share"
  CapacitorStatusBar:
    :path: "../../node_modules/@capacitor/status-bar"

SPEC CHECKSUMS:
  Capacitor: 1f3c7b9802d958cd8c4eb63895fff85dff2e1eea
  CapacitorCommunityAdmob: 1bd311eab1b2a79bbb9975bdac5d39701ad61fb4
  CapacitorCordova: b33e7f4aa4ed105dd43283acdd940964374a87d9
  CapacitorFilesystem: c832a3f6d4870c3872688e782ae8e33665e6ecbf
  CapacitorShare: 7af6ca761ce62030e8e9fbd2eb82416f5ceced38
  CapacitorStatusBar: 3b9ac7d0684770522c532d1158a1434512ab1477
  Google-Mobile-Ads-SDK: 301a16c461c331ba34ff4dab40a22ab7c147af61
  GoogleUserMessagingPlatform: 0c3a08353e53ce8c2feab7addd0b652cde522450

PODFILE CHECKSUM: 891bf41a4a9145e6b8f5c6306ad6553f93a093e2

COCOAPODS: 1.15.2
